
Microsoft Visual Studio Solution File, Format Version 12.00
# Visual Studio 15
VisualStudioVersion = 15.0.26124.0
MinimumVisualStudioVersion = 15.0.26124.0
Project("{2150E333-8FDC-42A3-9474-1A3956D46DE8}") = "src", "src", "{58FB7B47-B448-43DC-AF28-1A41A3E15E67}"
EndProject
Project("{FAE04EC0-301F-11D3-BF4B-00C04F79EFBC}") = "Ebrahim.Blog.Common", "src\Ebrahim.Blog.Common\Ebrahim.Blog.Common.csproj", "{A4EAB506-2C2A-4C2C-8FCD-A60290DFBBC7}"
EndProject
Project("{FAE04EC0-301F-11D3-BF4B-00C04F79EFBC}") = "Ebrahim.Blog.DataLayer", "src\Ebrahim.Blog.DataLayer\Ebrahim.Blog.DataLayer.csproj", "{AB8A2E38-F7C6-4B43-945A-DB224554B1D9}"
EndProject
Project("{FAE04EC0-301F-11D3-BF4B-00C04F79EFBC}") = "Ebrahim.Blog.DomainClasses", "src\Ebrahim.Blog.DomainClasses\Ebrahim.Blog.DomainClasses.csproj", "{91761CCE-BFFA-4CBA-8509-A91562F337DF}"
EndProject
Project("{FAE04EC0-301F-11D3-BF4B-00C04F79EFBC}") = "Ebrahim.Blog.Services", "src\Ebrahim.Blog.Services\Ebrahim.Blog.Services.csproj", "{5E9ECD23-FAA9-44E6-949C-943397741E15}"
EndProject
Project("{FAE04EC0-301F-11D3-BF4B-00C04F79EFBC}") = "Ebrahim.Blog.WebApp", "src\Ebrahim.Blog.WebApp\Ebrahim.Blog.WebApp.csproj", "{3E8A5CAD-1BDD-41D1-BC20-40EBE5ACA9F8}"
EndProject
Project("{FAE04EC0-301F-11D3-BF4B-00C04F79EFBC}") = "Ebrahim.Blog.ViewModels", "src\Ebrahim.Blog.ViewModels\Ebrahim.Blog.ViewModels.csproj", "{1A0F8861-785C-4FEC-B3EB-5ED657353B6B}"
EndProject
Project("{FAE04EC0-301F-11D3-BF4B-00C04F79EFBC}") = "Ebrahim.Blog.IocConfig", "src\Ebrahim.Blog.IocConfig\Ebrahim.Blog.IocConfig.csproj", "{B92602C1-A2CB-4E05-BF99-13AE4DF80C3B}"
EndProject
Global
	GlobalSection(SolutionConfigurationPlatforms) = preSolution
		Debug|Any CPU = Debug|Any CPU
		Debug|x64 = Debug|x64
		Debug|x86 = Debug|x86
		Release|Any CPU = Release|Any CPU
		Release|x64 = Release|x64
		Release|x86 = Release|x86
	EndGlobalSection
	GlobalSection(SolutionProperties) = preSolution
		HideSolutionNode = FALSE
	EndGlobalSection
	GlobalSection(ProjectConfigurationPlatforms) = postSolution
		{A4EAB506-2C2A-4C2C-8FCD-A60290DFBBC7}.Debug|Any CPU.ActiveCfg = Debug|Any CPU
		{A4EAB506-2C2A-4C2C-8FCD-A60290DFBBC7}.Debug|Any CPU.Build.0 = Debug|Any CPU
		{A4EAB506-2C2A-4C2C-8FCD-A60290DFBBC7}.Debug|x64.ActiveCfg = Debug|Any CPU
		{A4EAB506-2C2A-4C2C-8FCD-A60290DFBBC7}.Debug|x64.Build.0 = Debug|Any CPU
		{A4EAB506-2C2A-4C2C-8FCD-A60290DFBBC7}.Debug|x86.ActiveCfg = Debug|Any CPU
		{A4EAB506-2C2A-4C2C-8FCD-A60290DFBBC7}.Debug|x86.Build.0 = Debug|Any CPU
		{A4EAB506-2C2A-4C2C-8FCD-A60290DFBBC7}.Release|Any CPU.ActiveCfg = Release|Any CPU
		{A4EAB506-2C2A-4C2C-8FCD-A60290DFBBC7}.Release|Any CPU.Build.0 = Release|Any CPU
		{A4EAB506-2C2A-4C2C-8FCD-A60290DFBBC7}.Release|x64.ActiveCfg = Release|Any CPU
		{A4EAB506-2C2A-4C2C-8FCD-A60290DFBBC7}.Release|x64.Build.0 = Release|Any CPU
		{A4EAB506-2C2A-4C2C-8FCD-A60290DFBBC7}.Release|x86.ActiveCfg = Release|Any CPU
		{A4EAB506-2C2A-4C2C-8FCD-A60290DFBBC7}.Release|x86.Build.0 = Release|Any CPU
		{AB8A2E38-F7C6-4B43-945A-DB224554B1D9}.Debug|Any CPU.ActiveCfg = Debug|Any CPU
		{AB8A2E38-F7C6-4B43-945A-DB224554B1D9}.Debug|Any CPU.Build.0 = Debug|Any CPU
		{AB8A2E38-F7C6-4B43-945A-DB224554B1D9}.Debug|x64.ActiveCfg = Debug|Any CPU
		{AB8A2E38-F7C6-4B43-945A-DB224554B1D9}.Debug|x64.Build.0 = Debug|Any CPU
		{AB8A2E38-F7C6-4B43-945A-DB224554B1D9}.Debug|x86.ActiveCfg = Debug|Any CPU
		{AB8A2E38-F7C6-4B43-945A-DB224554B1D9}.Debug|x86.Build.0 = Debug|Any CPU
		{AB8A2E38-F7C6-4B43-945A-DB224554B1D9}.Release|Any CPU.ActiveCfg = Release|Any CPU
		{AB8A2E38-F7C6-4B43-945A-DB224554B1D9}.Release|Any CPU.Build.0 = Release|Any CPU
		{AB8A2E38-F7C6-4B43-945A-DB224554B1D9}.Release|x64.ActiveCfg = Release|Any CPU
		{AB8A2E38-F7C6-4B43-945A-DB224554B1D9}.Release|x64.Build.0 = Release|Any CPU
		{AB8A2E38-F7C6-4B43-945A-DB224554B1D9}.Release|x86.ActiveCfg = Release|Any CPU
		{AB8A2E38-F7C6-4B43-945A-DB224554B1D9}.Release|x86.Build.0 = Release|Any CPU
		{91761CCE-BFFA-4CBA-8509-A91562F337DF}.Debug|Any CPU.ActiveCfg = Debug|Any CPU
		{91761CCE-BFFA-4CBA-8509-A91562F337DF}.Debug|Any CPU.Build.0 = Debug|Any CPU
		{91761CCE-BFFA-4CBA-8509-A91562F337DF}.Debug|x64.ActiveCfg = Debug|Any CPU
		{91761CCE-BFFA-4CBA-8509-A91562F337DF}.Debug|x64.Build.0 = Debug|Any CPU
		{91761CCE-BFFA-4CBA-8509-A91562F337DF}.Debug|x86.ActiveCfg = Debug|Any CPU
		{91761CCE-BFFA-4CBA-8509-A91562F337DF}.Debug|x86.Build.0 = Debug|Any CPU
		{91761CCE-BFFA-4CBA-8509-A91562F337DF}.Release|Any CPU.ActiveCfg = Release|Any CPU
		{91761CCE-BFFA-4CBA-8509-A91562F337DF}.Release|Any CPU.Build.0 = Release|Any CPU
		{91761CCE-BFFA-4CBA-8509-A91562F337DF}.Release|x64.ActiveCfg = Release|Any CPU
		{91761CCE-BFFA-4CBA-8509-A91562F337DF}.Release|x64.Build.0 = Release|Any CPU
		{91761CCE-BFFA-4CBA-8509-A91562F337DF}.Release|x86.ActiveCfg = Release|Any CPU
		{91761CCE-BFFA-4CBA-8509-A91562F337DF}.Release|x86.Build.0 = Release|Any CPU
		{5E9ECD23-FAA9-44E6-949C-943397741E15}.Debug|Any CPU.ActiveCfg = Debug|Any CPU
		{5E9ECD23-FAA9-44E6-949C-943397741E15}.Debug|Any CPU.Build.0 = Debug|Any CPU
		{5E9ECD23-FAA9-44E6-949C-943397741E15}.Debug|x64.ActiveCfg = Debug|Any CPU
		{5E9ECD23-FAA9-44E6-949C-943397741E15}.Debug|x64.Build.0 = Debug|Any CPU
		{5E9ECD23-FAA9-44E6-949C-943397741E15}.Debug|x86.ActiveCfg = Debug|Any CPU
		{5E9ECD23-FAA9-44E6-949C-943397741E15}.Debug|x86.Build.0 = Debug|Any CPU
		{5E9ECD23-FAA9-44E6-949C-943397741E15}.Release|Any CPU.ActiveCfg = Release|Any CPU
		{5E9ECD23-FAA9-44E6-949C-943397741E15}.Release|Any CPU.Build.0 = Release|Any CPU
		{5E9ECD23-FAA9-44E6-949C-943397741E15}.Release|x64.ActiveCfg = Release|Any CPU
		{5E9ECD23-FAA9-44E6-949C-943397741E15}.Release|x64.Build.0 = Release|Any CPU
		{5E9ECD23-FAA9-44E6-949C-943397741E15}.Release|x86.ActiveCfg = Release|Any CPU
		{5E9ECD23-FAA9-44E6-949C-943397741E15}.Release|x86.Build.0 = Release|Any CPU
		{3E8A5CAD-1BDD-41D1-BC20-40EBE5ACA9F8}.Debug|Any CPU.ActiveCfg = Debug|Any CPU
		{3E8A5CAD-1BDD-41D1-BC20-40EBE5ACA9F8}.Debug|Any CPU.Build.0 = Debug|Any CPU
		{3E8A5CAD-1BDD-41D1-BC20-40EBE5ACA9F8}.Debug|x64.ActiveCfg = Debug|Any CPU
		{3E8A5CAD-1BDD-41D1-BC20-40EBE5ACA9F8}.Debug|x64.Build.0 = Debug|Any CPU
		{3E8A5CAD-1BDD-41D1-BC20-40EBE5ACA9F8}.Debug|x86.ActiveCfg = Debug|Any CPU
		{3E8A5CAD-1BDD-41D1-BC20-40EBE5ACA9F8}.Debug|x86.Build.0 = Debug|Any CPU
		{3E8A5CAD-1BDD-41D1-BC20-40EBE5ACA9F8}.Release|Any CPU.ActiveCfg = Release|Any CPU
		{3E8A5CAD-1BDD-41D1-BC20-40EBE5ACA9F8}.Release|Any CPU.Build.0 = Release|Any CPU
		{3E8A5CAD-1BDD-41D1-BC20-40EBE5ACA9F8}.Release|x64.ActiveCfg = Release|Any CPU
		{3E8A5CAD-1BDD-41D1-BC20-40EBE5ACA9F8}.Release|x64.Build.0 = Release|Any CPU
		{3E8A5CAD-1BDD-41D1-BC20-40EBE5ACA9F8}.Release|x86.ActiveCfg = Release|Any CPU
		{3E8A5CAD-1BDD-41D1-BC20-40EBE5ACA9F8}.Release|x86.Build.0 = Release|Any CPU
		{1A0F8861-785C-4FEC-B3EB-5ED657353B6B}.Debug|Any CPU.ActiveCfg = Debug|Any CPU
		{1A0F8861-785C-4FEC-B3EB-5ED657353B6B}.Debug|Any CPU.Build.0 = Debug|Any CPU
		{1A0F8861-785C-4FEC-B3EB-5ED657353B6B}.Debug|x64.ActiveCfg = Debug|Any CPU
		{1A0F8861-785C-4FEC-B3EB-5ED657353B6B}.Debug|x64.Build.0 = Debug|Any CPU
		{1A0F8861-785C-4FEC-B3EB-5ED657353B6B}.Debug|x86.ActiveCfg = Debug|Any CPU
		{1A0F8861-785C-4FEC-B3EB-5ED657353B6B}.Debug|x86.Build.0 = Debug|Any CPU
		{1A0F8861-785C-4FEC-B3EB-5ED657353B6B}.Release|Any CPU.ActiveCfg = Release|Any CPU
		{1A0F8861-785C-4FEC-B3EB-5ED657353B6B}.Release|Any CPU.Build.0 = Release|Any CPU
		{1A0F8861-785C-4FEC-B3EB-5ED657353B6B}.Release|x64.ActiveCfg = Release|Any CPU
		{1A0F8861-785C-4FEC-B3EB-5ED657353B6B}.Release|x64.Build.0 = Release|Any CPU
		{1A0F8861-785C-4FEC-B3EB-5ED657353B6B}.Release|x86.ActiveCfg = Release|Any CPU
		{1A0F8861-785C-4FEC-B3EB-5ED657353B6B}.Release|x86.Build.0 = Release|Any CPU
		{B92602C1-A2CB-4E05-BF99-13AE4DF80C3B}.Debug|Any CPU.ActiveCfg = Debug|Any CPU
		{B92602C1-A2CB-4E05-BF99-13AE4DF80C3B}.Debug|Any CPU.Build.0 = Debug|Any CPU
		{B92602C1-A2CB-4E05-BF99-13AE4DF80C3B}.Debug|x64.ActiveCfg = Debug|Any CPU
		{B92602C1-A2CB-4E05-BF99-13AE4DF80C3B}.Debug|x64.Build.0 = Debug|Any CPU
		{B92602C1-A2CB-4E05-BF99-13AE4DF80C3B}.Debug|x86.ActiveCfg = Debug|Any CPU
		{B92602C1-A2CB-4E05-BF99-13AE4DF80C3B}.Debug|x86.Build.0 = Debug|Any CPU
		{B92602C1-A2CB-4E05-BF99-13AE4DF80C3B}.Release|Any CPU.ActiveCfg = Release|Any CPU
		{B92602C1-A2CB-4E05-BF99-13AE4DF80C3B}.Release|Any CPU.Build.0 = Release|Any CPU
		{B92602C1-A2CB-4E05-BF99-13AE4DF80C3B}.Release|x64.ActiveCfg = Release|Any CPU
		{B92602C1-A2CB-4E05-BF99-13AE4DF80C3B}.Release|x64.Build.0 = Release|Any CPU
		{B92602C1-A2CB-4E05-BF99-13AE4DF80C3B}.Release|x86.ActiveCfg = Release|Any CPU
		{B92602C1-A2CB-4E05-BF99-13AE4DF80C3B}.Release|x86.Build.0 = Release|Any CPU
	EndGlobalSection
	GlobalSection(NestedProjects) = preSolution
		{A4EAB506-2C2A-4C2C-8FCD-A60290DFBBC7} = {58FB7B47-B448-43DC-AF28-1A41A3E15E67}
		{AB8A2E38-F7C6-4B43-945A-DB224554B1D9} = {58FB7B47-B448-43DC-AF28-1A41A3E15E67}
		{91761CCE-BFFA-4CBA-8509-A91562F337DF} = {58FB7B47-B448-43DC-AF28-1A41A3E15E67}
		{5E9ECD23-FAA9-44E6-949C-943397741E15} = {58FB7B47-B448-43DC-AF28-1A41A3E15E67}
		{3E8A5CAD-1BDD-41D1-BC20-40EBE5ACA9F8} = {58FB7B47-B448-43DC-AF28-1A41A3E15E67}
		{1A0F8861-785C-4FEC-B3EB-5ED657353B6B} = {58FB7B47-B448-43DC-AF28-1A41A3E15E67}
		{B92602C1-A2CB-4E05-BF99-13AE4DF80C3B} = {58FB7B47-B448-43DC-AF28-1A41A3E15E67}
	EndGlobalSection
EndGlobal
